
Microsoft Visual Studio Solution File, Format Version 12.00
# Visual Studio Version 17
VisualStudioVersion = 17.5.33516.290
MinimumVisualStudioVersion = 10.0.40219.1
Project("{FAE04EC0-301F-11D3-BF4B-00C04F79EFBC}") = "WindowsFormsApp1", "WindowsFormsApp1\WindowsFormsApp1.csproj", "{40D08278-46B3-4DF6-B4E6-1F612E3CDEC7}"
EndProject
Global
	GlobalSection(SolutionConfigurationPlatforms) = preSolution
		Debug|Any CPU = Debug|Any CPU
		Release|Any CPU = Release|Any CPU
	EndGlobalSection
	GlobalSection(ProjectConfigurationPlatforms) = postSolution
		{40D08278-46B3-4DF6-B4E6-1F612E3CDEC7}.Debug|Any CPU.ActiveCfg = Debug|Any CPU
		{40D08278-46B3-4DF6-B4E6-1F612E3CDEC7}.Debug|Any CPU.Build.0 = Debug|Any CPU
		{40D08278-46B3-4DF6-B4E6-1F612E3CDEC7}.Release|Any CPU.ActiveCfg = Release|Any CPU
		{40D08278-46B3-4DF6-B4E6-1F612E3CDEC7}.Release|Any CPU.Build.0 = Release|Any CPU
	EndGlobalSection
	GlobalSection(SolutionProperties) = preSolution
		HideSolutionNode = FALSE
	EndGlobalSection
	GlobalSection(ExtensibilityGlobals) = postSolution
		SolutionGuid = {529F777A-3E96-477D-A1E3-C80FEF96ADF5}
	EndGlobalSection
EndGlobal
